
Microsoft Visual Studio Solution File, Format Version 12.00
# Visual Studio 15
VisualStudioVersion = 15.0.26730.16
MinimumVisualStudioVersion = 10.0.40219.1
Project("{FAE04EC0-301F-11D3-BF4B-00C04F79EFBC}") = "Anita.Models", "Anita.Models\Anita.Models.csproj", "{252996E1-2429-46CE-9B5C-3149ADDBAFC9}"
EndProject
Project("{2150E333-8FDC-42A3-9474-1A3956D46DE8}") = "Data", "Data", "{0DC87459-A77A-41B9-99E2-C7F6A27A0A66}"
EndProject
Global
	GlobalSection(SolutionConfigurationPlatforms) = preSolution
		Debug|Any CPU = Debug|Any CPU
		Release|Any CPU = Release|Any CPU
	EndGlobalSection
	GlobalSection(ProjectConfigurationPlatforms) = postSolution
		{252996E1-2429-46CE-9B5C-3149ADDBAFC9}.Debug|Any CPU.ActiveCfg = Debug|Any CPU
		{252996E1-2429-46CE-9B5C-3149ADDBAFC9}.Debug|Any CPU.Build.0 = Debug|Any CPU
		{252996E1-2429-46CE-9B5C-3149ADDBAFC9}.Release|Any CPU.ActiveCfg = Release|Any CPU
		{252996E1-2429-46CE-9B5C-3149ADDBAFC9}.Release|Any CPU.Build.0 = Release|Any CPU
	EndGlobalSection
	GlobalSection(SolutionProperties) = preSolution
		HideSolutionNode = FALSE
	EndGlobalSection
	GlobalSection(NestedProjects) = preSolution
		{252996E1-2429-46CE-9B5C-3149ADDBAFC9} = {0DC87459-A77A-41B9-99E2-C7F6A27A0A66}
	EndGlobalSection
	GlobalSection(ExtensibilityGlobals) = postSolution
		SolutionGuid = {CF11AB6F-5ADD-41DB-BEF7-9A7E8A0BCF4A}
	EndGlobalSection
EndGlobal
